
Microsoft Visual Studio Solution File, Format Version 12.00
# Visual Studio 15
VisualStudioVersion = 15.0.28010.2003
MinimumVisualStudioVersion = 10.0.40219.1
Project("{9092AA53-FB77-4645-B42D-1CCCA6BD08BD}") = "HerokuNodeExpressQuickStart", "HerokuNodeExpressQuickStart\HerokuNodeExpressQuickStart.njsproj", "{EC1ABD30-7BF6-48EF-825F-62AA74FCE966}"
EndProject
Global
	GlobalSection(SolutionConfigurationPlatforms) = preSolution
		Debug|Any CPU = Debug|Any CPU
		Release|Any CPU = Release|Any CPU
	EndGlobalSection
	GlobalSection(ProjectConfigurationPlatforms) = postSolution
		{EC1ABD30-7BF6-48EF-825F-62AA74FCE966}.Debug|Any CPU.ActiveCfg = Debug|Any CPU
		{EC1ABD30-7BF6-48EF-825F-62AA74FCE966}.Debug|Any CPU.Build.0 = Debug|Any CPU
		{EC1ABD30-7BF6-48EF-825F-62AA74FCE966}.Release|Any CPU.ActiveCfg = Release|Any CPU
		{EC1ABD30-7BF6-48EF-825F-62AA74FCE966}.Release|Any CPU.Build.0 = Release|Any CPU
	EndGlobalSection
	GlobalSection(SolutionProperties) = preSolution
		HideSolutionNode = FALSE
	EndGlobalSection
	GlobalSection(ExtensibilityGlobals) = postSolution
		SolutionGuid = {3D03700E-5F00-416A-8BA5-BE1CE70161B1}
	EndGlobalSection
EndGlobal
